<Solution>
  <Folder Name="/Solution Items/">
    <File Path=".editorconfig" />
  </Folder>
  <Project Path="docker-compose.dcproj">
    <Build />
  </Project>
  <Project Path="OVSRollbackServer/OVSRollbackServer.csproj" />
  <Project Path="OVSRollbackP2P/OVSRollbackP2P.csproj" />
  <Project Path="OVSRollbackNode/OVSRollbackNode.csproj" />
  <Project Path="OVSRendezvous/OVSRendezvous.csproj" />
  <Project Path="OVSRollbackP2P.Tests/OVSRollbackP2P.Tests.csproj" />
</Solution>
